
Microsoft Visual Studio Solution File, Format Version 12.00
# Visual Studio Version 16
VisualStudioVersion = 16.0.31129.286
MinimumVisualStudioVersion = 10.0.40219.1
Project("{FAE04EC0-301F-11D3-BF4B-00C04F79EFBC}") = "MyPackage", "MyPackage\MyPackage.csproj", "{2403F91D-D694-4A3D-B895-A21E848693AE}"
EndProject
Project("{FAE04EC0-301F-11D3-BF4B-00C04F79EFBC}") = "PackageUser", "PackageUser\PackageUser.csproj", "{7D37578F-61F9-4525-BA76-695F2F9E81BF}"
EndProject
Global
	GlobalSection(SolutionConfigurationPlatforms) = preSolution
		Debug|Any CPU = Debug|Any CPU
		Release|Any CPU = Release|Any CPU
	EndGlobalSection
	GlobalSection(ProjectConfigurationPlatforms) = postSolution
		{2403F91D-D694-4A3D-B895-A21E848693AE}.Debug|Any CPU.ActiveCfg = Debug|Any CPU
		{2403F91D-D694-4A3D-B895-A21E848693AE}.Debug|Any CPU.Build.0 = Debug|Any CPU
		{2403F91D-D694-4A3D-B895-A21E848693AE}.Release|Any CPU.ActiveCfg = Release|Any CPU
		{2403F91D-D694-4A3D-B895-A21E848693AE}.Release|Any CPU.Build.0 = Release|Any CPU
		{7D37578F-61F9-4525-BA76-695F2F9E81BF}.Debug|Any CPU.ActiveCfg = Debug|Any CPU
		{7D37578F-61F9-4525-BA76-695F2F9E81BF}.Debug|Any CPU.Build.0 = Debug|Any CPU
		{7D37578F-61F9-4525-BA76-695F2F9E81BF}.Release|Any CPU.ActiveCfg = Release|Any CPU
		{7D37578F-61F9-4525-BA76-695F2F9E81BF}.Release|Any CPU.Build.0 = Release|Any CPU
	EndGlobalSection
	GlobalSection(SolutionProperties) = preSolution
		HideSolutionNode = FALSE
	EndGlobalSection
	GlobalSection(ExtensibilityGlobals) = postSolution
		SolutionGuid = {7F4C095D-3E62-4350-B0C5-0D7F68B71B7B}
	EndGlobalSection
EndGlobal
